
Microsoft Visual Studio Solution File, Format Version 12.00
# Visual Studio 15
VisualStudioVersion = 15.0.27703.1
MinimumVisualStudioVersion = 10.0.40219.1
Project("{FAE04EC0-301F-11D3-BF4B-00C04F79EFBC}") = "HomeWorkNameAge", "HomeWorkNameAge\HomeWorkNameAge.csproj", "{CF262CE9-5B3E-48F0-A4F1-54886B81C7B1}"
EndProject
Global
	GlobalSection(SolutionConfigurationPlatforms) = preSolution
		Debug|Any CPU = Debug|Any CPU
		Release|Any CPU = Release|Any CPU
	EndGlobalSection
	GlobalSection(ProjectConfigurationPlatforms) = postSolution
		{CF262CE9-5B3E-48F0-A4F1-54886B81C7B1}.Debug|Any CPU.ActiveCfg = Debug|Any CPU
		{CF262CE9-5B3E-48F0-A4F1-54886B81C7B1}.Debug|Any CPU.Build.0 = Debug|Any CPU
		{CF262CE9-5B3E-48F0-A4F1-54886B81C7B1}.Release|Any CPU.ActiveCfg = Release|Any CPU
		{CF262CE9-5B3E-48F0-A4F1-54886B81C7B1}.Release|Any CPU.Build.0 = Release|Any CPU
	EndGlobalSection
	GlobalSection(SolutionProperties) = preSolution
		HideSolutionNode = FALSE
	EndGlobalSection
	GlobalSection(ExtensibilityGlobals) = postSolution
		SolutionGuid = {68993C49-E316-4675-9402-5434B82B5D7B}
	EndGlobalSection
EndGlobal
