
Microsoft Visual Studio Solution File, Format Version 12.00
# Visual Studio 15
VisualStudioVersion = 15.0.28307.421
MinimumVisualStudioVersion = 10.0.40219.1
Project("{FAE04EC0-301F-11D3-BF4B-00C04F79EFBC}") = "NetCore", "ClassLibrary2\NetCore.csproj", "{CE1E4944-8F0E-4B19-B3BE-4D8E09A410C2}"
EndProject
Project("{FAE04EC0-301F-11D3-BF4B-00C04F79EFBC}") = "NetStandart", "Figure\NetStandart.csproj", "{4E5F1318-784D-4CC9-8483-6CEE3D93F3DB}"
EndProject
Project("{FAE04EC0-301F-11D3-BF4B-00C04F79EFBC}") = "Program", "Program\Program.csproj", "{2DBD0CA1-E673-4961-A1A1-6773E56AD374}"
EndProject
Global
	GlobalSection(SolutionConfigurationPlatforms) = preSolution
		Debug|Any CPU = Debug|Any CPU
		Release|Any CPU = Release|Any CPU
	EndGlobalSection
	GlobalSection(ProjectConfigurationPlatforms) = postSolution
		{CE1E4944-8F0E-4B19-B3BE-4D8E09A410C2}.Debug|Any CPU.ActiveCfg = Debug|Any CPU
		{CE1E4944-8F0E-4B19-B3BE-4D8E09A410C2}.Debug|Any CPU.Build.0 = Debug|Any CPU
		{CE1E4944-8F0E-4B19-B3BE-4D8E09A410C2}.Release|Any CPU.ActiveCfg = Release|Any CPU
		{CE1E4944-8F0E-4B19-B3BE-4D8E09A410C2}.Release|Any CPU.Build.0 = Release|Any CPU
		{4E5F1318-784D-4CC9-8483-6CEE3D93F3DB}.Debug|Any CPU.ActiveCfg = Debug|Any CPU
		{4E5F1318-784D-4CC9-8483-6CEE3D93F3DB}.Debug|Any CPU.Build.0 = Debug|Any CPU
		{4E5F1318-784D-4CC9-8483-6CEE3D93F3DB}.Release|Any CPU.ActiveCfg = Release|Any CPU
		{4E5F1318-784D-4CC9-8483-6CEE3D93F3DB}.Release|Any CPU.Build.0 = Release|Any CPU
		{2DBD0CA1-E673-4961-A1A1-6773E56AD374}.Debug|Any CPU.ActiveCfg = Debug|Any CPU
		{2DBD0CA1-E673-4961-A1A1-6773E56AD374}.Debug|Any CPU.Build.0 = Debug|Any CPU
		{2DBD0CA1-E673-4961-A1A1-6773E56AD374}.Release|Any CPU.ActiveCfg = Release|Any CPU
		{2DBD0CA1-E673-4961-A1A1-6773E56AD374}.Release|Any CPU.Build.0 = Release|Any CPU
	EndGlobalSection
	GlobalSection(SolutionProperties) = preSolution
		HideSolutionNode = FALSE
	EndGlobalSection
	GlobalSection(ExtensibilityGlobals) = postSolution
		SolutionGuid = {503E2359-0D2B-4F0D-8429-9A760D511334}
	EndGlobalSection
EndGlobal
