
Microsoft Visual Studio Solution File, Format Version 12.00
# Visual Studio 15
VisualStudioVersion = 15.0.28307.421
MinimumVisualStudioVersion = 10.0.40219.1
Project("{FAE04EC0-301F-11D3-BF4B-00C04F79EFBC}") = "ClassWork", "ClassWork\ClassWork.csproj", "{AEB11EEC-4A52-4416-BA93-4CF7BA0EA671}"
EndProject
Global
	GlobalSection(SolutionConfigurationPlatforms) = preSolution
		Debug|Any CPU = Debug|Any CPU
		Release|Any CPU = Release|Any CPU
	EndGlobalSection
	GlobalSection(ProjectConfigurationPlatforms) = postSolution
		{AEB11EEC-4A52-4416-BA93-4CF7BA0EA671}.Debug|Any CPU.ActiveCfg = Debug|Any CPU
		{AEB11EEC-4A52-4416-BA93-4CF7BA0EA671}.Debug|Any CPU.Build.0 = Debug|Any CPU
		{AEB11EEC-4A52-4416-BA93-4CF7BA0EA671}.Release|Any CPU.ActiveCfg = Release|Any CPU
		{AEB11EEC-4A52-4416-BA93-4CF7BA0EA671}.Release|Any CPU.Build.0 = Release|Any CPU
	EndGlobalSection
	GlobalSection(SolutionProperties) = preSolution
		HideSolutionNode = FALSE
	EndGlobalSection
	GlobalSection(ExtensibilityGlobals) = postSolution
		SolutionGuid = {9B7F51DB-5776-4321-8268-B2763CD2955E}
	EndGlobalSection
EndGlobal
