
Microsoft Visual Studio Solution File, Format Version 12.00
# Visual Studio 15
VisualStudioVersion = 15.0.28307.572
MinimumVisualStudioVersion = 10.0.40219.1
Project("{9A19103F-16F7-4668-BE54-9A1E7A4F7556}") = "Calculator", "L16_C03_multiproject_app_SW\Calculator\Calculator.csproj", "{95BDC86E-3EDA-43C5-8537-07D25BF78BF6}"
EndProject
Project("{9A19103F-16F7-4668-BE54-9A1E7A4F7556}") = "Calculator.Figure", "L16_C03_multiproject_app_SW\Calculator.Circle\Calculator.Figure.csproj", "{65D01464-62E1-4B90-9DD0-F090C7D9B9A9}"
EndProject
Project("{9A19103F-16F7-4668-BE54-9A1E7A4F7556}") = "Calculator.Operation", "L16_C03_multiproject_app_SW\Calculator.CircleOperation\Calculator.Operation.csproj", "{0F3FC235-EF50-4244-BCD8-64AE286923AE}"
EndProject
Global
	GlobalSection(SolutionConfigurationPlatforms) = preSolution
		Debug|Any CPU = Debug|Any CPU
		Release|Any CPU = Release|Any CPU
	EndGlobalSection
	GlobalSection(ProjectConfigurationPlatforms) = postSolution
		{95BDC86E-3EDA-43C5-8537-07D25BF78BF6}.Debug|Any CPU.ActiveCfg = Debug|Any CPU
		{95BDC86E-3EDA-43C5-8537-07D25BF78BF6}.Debug|Any CPU.Build.0 = Debug|Any CPU
		{95BDC86E-3EDA-43C5-8537-07D25BF78BF6}.Release|Any CPU.ActiveCfg = Release|Any CPU
		{95BDC86E-3EDA-43C5-8537-07D25BF78BF6}.Release|Any CPU.Build.0 = Release|Any CPU
		{65D01464-62E1-4B90-9DD0-F090C7D9B9A9}.Debug|Any CPU.ActiveCfg = Debug|Any CPU
		{65D01464-62E1-4B90-9DD0-F090C7D9B9A9}.Debug|Any CPU.Build.0 = Debug|Any CPU
		{65D01464-62E1-4B90-9DD0-F090C7D9B9A9}.Release|Any CPU.ActiveCfg = Release|Any CPU
		{65D01464-62E1-4B90-9DD0-F090C7D9B9A9}.Release|Any CPU.Build.0 = Release|Any CPU
		{0F3FC235-EF50-4244-BCD8-64AE286923AE}.Debug|Any CPU.ActiveCfg = Debug|Any CPU
		{0F3FC235-EF50-4244-BCD8-64AE286923AE}.Debug|Any CPU.Build.0 = Debug|Any CPU
		{0F3FC235-EF50-4244-BCD8-64AE286923AE}.Release|Any CPU.ActiveCfg = Release|Any CPU
		{0F3FC235-EF50-4244-BCD8-64AE286923AE}.Release|Any CPU.Build.0 = Release|Any CPU
	EndGlobalSection
	GlobalSection(SolutionProperties) = preSolution
		HideSolutionNode = FALSE
	EndGlobalSection
	GlobalSection(ExtensibilityGlobals) = postSolution
		SolutionGuid = {7FD804E2-8E2B-4C13-B740-66D48720DD62}
	EndGlobalSection
EndGlobal
