
Microsoft Visual Studio Solution File, Format Version 12.00
# Visual Studio 15
VisualStudioVersion = 15.0.28307.421
MinimumVisualStudioVersion = 10.0.40219.1
Project("{9A19103F-16F7-4668-BE54-9A1E7A4F7556}") = "L16_C01_lambda_expressions_demo", "L16_C01_lambda_expressions_demo\L16_C01_lambda_expressions_demo.csproj", "{1BBBC56E-C3FC-499A-AC56-6CAC30911098}"
EndProject
Project("{9A19103F-16F7-4668-BE54-9A1E7A4F7556}") = "L16_C02_lambda_expressions_SW", "L16_C02_lambda_expressions_SW\L16_C02_lambda_expressions_SW.csproj", "{34724089-7C44-441F-9E84-85D2E6EB6CC1}"
EndProject
Global
	GlobalSection(SolutionConfigurationPlatforms) = preSolution
		Debug|Any CPU = Debug|Any CPU
		Release|Any CPU = Release|Any CPU
	EndGlobalSection
	GlobalSection(ProjectConfigurationPlatforms) = postSolution
		{1BBBC56E-C3FC-499A-AC56-6CAC30911098}.Debug|Any CPU.ActiveCfg = Debug|Any CPU
		{1BBBC56E-C3FC-499A-AC56-6CAC30911098}.Debug|Any CPU.Build.0 = Debug|Any CPU
		{1BBBC56E-C3FC-499A-AC56-6CAC30911098}.Release|Any CPU.ActiveCfg = Release|Any CPU
		{1BBBC56E-C3FC-499A-AC56-6CAC30911098}.Release|Any CPU.Build.0 = Release|Any CPU
		{34724089-7C44-441F-9E84-85D2E6EB6CC1}.Debug|Any CPU.ActiveCfg = Debug|Any CPU
		{34724089-7C44-441F-9E84-85D2E6EB6CC1}.Debug|Any CPU.Build.0 = Debug|Any CPU
		{34724089-7C44-441F-9E84-85D2E6EB6CC1}.Release|Any CPU.ActiveCfg = Release|Any CPU
		{34724089-7C44-441F-9E84-85D2E6EB6CC1}.Release|Any CPU.Build.0 = Release|Any CPU
	EndGlobalSection
	GlobalSection(SolutionProperties) = preSolution
		HideSolutionNode = FALSE
	EndGlobalSection
	GlobalSection(ExtensibilityGlobals) = postSolution
		SolutionGuid = {A9C8CBF4-FBD9-4404-A173-C64041F09F5F}
	EndGlobalSection
EndGlobal
