
Microsoft Visual Studio Solution File, Format Version 12.00
# Visual Studio 15
VisualStudioVersion = 15.0.28307.421
MinimumVisualStudioVersion = 10.0.40219.1
Project("{FAE04EC0-301F-11D3-BF4B-00C04F79EFBC}") = "ClassWork16", "ClassWork16\ClassWork16.csproj", "{15354A21-D8AF-4B7A-9914-D5C4BCA8607D}"
EndProject
Global
	GlobalSection(SolutionConfigurationPlatforms) = preSolution
		Debug|Any CPU = Debug|Any CPU
		Release|Any CPU = Release|Any CPU
	EndGlobalSection
	GlobalSection(ProjectConfigurationPlatforms) = postSolution
		{15354A21-D8AF-4B7A-9914-D5C4BCA8607D}.Debug|Any CPU.ActiveCfg = Debug|Any CPU
		{15354A21-D8AF-4B7A-9914-D5C4BCA8607D}.Debug|Any CPU.Build.0 = Debug|Any CPU
		{15354A21-D8AF-4B7A-9914-D5C4BCA8607D}.Release|Any CPU.ActiveCfg = Release|Any CPU
		{15354A21-D8AF-4B7A-9914-D5C4BCA8607D}.Release|Any CPU.Build.0 = Release|Any CPU
	EndGlobalSection
	GlobalSection(SolutionProperties) = preSolution
		HideSolutionNode = FALSE
	EndGlobalSection
	GlobalSection(ExtensibilityGlobals) = postSolution
		SolutionGuid = {F0F71361-5164-4D86-816E-EA13DD67B7CB}
	EndGlobalSection
EndGlobal
