
Microsoft Visual Studio Solution File, Format Version 12.00
# Visual Studio 15
VisualStudioVersion = 15.0.27703.1
MinimumVisualStudioVersion = 10.0.40219.1
Project("{FAE04EC0-301F-11D3-BF4B-00C04F79EFBC}") = "HomeWork7Part1", "HomeWork7Part1\HomeWork7Part1.csproj", "{BCDE401D-AD70-44CC-9376-97D01DA91C24}"
EndProject
Project("{FAE04EC0-301F-11D3-BF4B-00C04F79EFBC}") = "HomeWork7Part2", "HomeWork7Part2\HomeWork7Part2.csproj", "{67017215-AF65-4034-AF93-680DC4D6CD3A}"
EndProject
Global
	GlobalSection(SolutionConfigurationPlatforms) = preSolution
		Debug|Any CPU = Debug|Any CPU
		Release|Any CPU = Release|Any CPU
	EndGlobalSection
	GlobalSection(ProjectConfigurationPlatforms) = postSolution
		{BCDE401D-AD70-44CC-9376-97D01DA91C24}.Debug|Any CPU.ActiveCfg = Debug|Any CPU
		{BCDE401D-AD70-44CC-9376-97D01DA91C24}.Debug|Any CPU.Build.0 = Debug|Any CPU
		{BCDE401D-AD70-44CC-9376-97D01DA91C24}.Release|Any CPU.ActiveCfg = Release|Any CPU
		{BCDE401D-AD70-44CC-9376-97D01DA91C24}.Release|Any CPU.Build.0 = Release|Any CPU
		{67017215-AF65-4034-AF93-680DC4D6CD3A}.Debug|Any CPU.ActiveCfg = Debug|Any CPU
		{67017215-AF65-4034-AF93-680DC4D6CD3A}.Debug|Any CPU.Build.0 = Debug|Any CPU
		{67017215-AF65-4034-AF93-680DC4D6CD3A}.Release|Any CPU.ActiveCfg = Release|Any CPU
		{67017215-AF65-4034-AF93-680DC4D6CD3A}.Release|Any CPU.Build.0 = Release|Any CPU
	EndGlobalSection
	GlobalSection(SolutionProperties) = preSolution
		HideSolutionNode = FALSE
	EndGlobalSection
	GlobalSection(ExtensibilityGlobals) = postSolution
		SolutionGuid = {5C082F16-B978-4C20-959A-CADDC01660A3}
	EndGlobalSection
EndGlobal
