
Microsoft Visual Studio Solution File, Format Version 12.00
# Visual Studio 15
VisualStudioVersion = 15.0.28307.421
MinimumVisualStudioVersion = 10.0.40219.1
Project("{FAE04EC0-301F-11D3-BF4B-00C04F79EFBC}") = "ClassWorkapps", "ClassWorkapps\ClassWorkapps.csproj", "{08F3C089-D27E-4F45-B57A-A42199C3501E}"
EndProject
Global
	GlobalSection(SolutionConfigurationPlatforms) = preSolution
		Debug|Any CPU = Debug|Any CPU
		Release|Any CPU = Release|Any CPU
	EndGlobalSection
	GlobalSection(ProjectConfigurationPlatforms) = postSolution
		{08F3C089-D27E-4F45-B57A-A42199C3501E}.Debug|Any CPU.ActiveCfg = Debug|Any CPU
		{08F3C089-D27E-4F45-B57A-A42199C3501E}.Debug|Any CPU.Build.0 = Debug|Any CPU
		{08F3C089-D27E-4F45-B57A-A42199C3501E}.Release|Any CPU.ActiveCfg = Release|Any CPU
		{08F3C089-D27E-4F45-B57A-A42199C3501E}.Release|Any CPU.Build.0 = Release|Any CPU
	EndGlobalSection
	GlobalSection(SolutionProperties) = preSolution
		HideSolutionNode = FALSE
	EndGlobalSection
	GlobalSection(ExtensibilityGlobals) = postSolution
		SolutionGuid = {A8D2A006-FFCA-456C-8DD6-C4D1968B0E5B}
	EndGlobalSection
EndGlobal
